{
    "version": 3,
    "terraform_version": "0.11.11",
    "serial": 7,
    "lineage": "042c67ae-1412-a206-3bce-7007cbc071b7",
    "modules": [
        {
            "path": [
                "root"
            ],
            "outputs": {},
            "resources": {
                "aws_instance.test_instance": {
                    "type": "aws_instance",
                    "depends_on": [
                        "aws_security_group.sg_spark_terraform",
                        "local.ami",
                        "local.availability_zone",
                        "local.instance_type",
                        "local.security_groups",
                        "local.subnet_id"
                    ],
                    "primary": {
                        "id": "i-0c34d80c0b2ec3c9a",
                        "attributes": {
                            "ami": "ami-9887c6e7",
                            "arn": "arn:aws:ec2:us-east-1:831354200784:instance/i-0c34d80c0b2ec3c9a",
                            "associate_public_ip_address": "true",
                            "availability_zone": "us-east-1a",
                            "cpu_core_count": "1",
                            "cpu_threads_per_core": "1",
                            "credit_specification.#": "1",
                            "credit_specification.0.cpu_credits": "standard",
                            "disable_api_termination": "false",
                            "ebs_block_device.#": "0",
                            "ebs_optimized": "false",
                            "ephemeral_block_device.#": "0",
                            "get_password_data": "false",
                            "iam_instance_profile": "",
                            "id": "i-0c34d80c0b2ec3c9a",
                            "instance_state": "running",
                            "instance_type": "t2.micro",
                            "ipv6_addresses.#": "0",
                            "key_name": "mykeypair",
                            "monitoring": "false",
                            "network_interface.#": "0",
                            "password_data": "",
                            "placement_group": "",
                            "primary_network_interface_id": "eni-0c489dc521c877df5",
                            "private_dns": "ip-10-0-0-171.ec2.internal",
                            "private_ip": "10.0.0.171",
                            "public_dns": "ec2-3-208-90-66.compute-1.amazonaws.com",
                            "public_ip": "3.208.90.66",
                            "root_block_device.#": "1",
                            "root_block_device.0.delete_on_termination": "true",
                            "root_block_device.0.iops": "150",
                            "root_block_device.0.volume_id": "vol-0b26c98b058d25029",
                            "root_block_device.0.volume_size": "50",
                            "root_block_device.0.volume_type": "gp2",
                            "security_groups.#": "0",
                            "source_dest_check": "true",
                            "subnet_id": "subnet-086571b26974a9152",
                            "tags.%": "1",
                            "tags.Name": "spark-single",
                            "tenancy": "default",
                            "volume_tags.%": "1",
                            "volume_tags.Name": "spark-volume",
                            "vpc_security_group_ids.#": "1",
                            "vpc_security_group_ids.3612397407": "sg-0c2633c262141ba57"
                        },
                        "meta": {
                            "e2bfb730-ecaa-11e6-8f88-34363bc7c4c0": {
                                "create": 600000000000,
                                "delete": 1200000000000,
                                "update": 600000000000
                            },
                            "schema_version": "1"
                        },
                        "tainted": false
                    },
                    "deposed": [],
                    "provider": "provider.aws"
                },
                "aws_security_group.sg_spark_terraform": {
                    "type": "aws_security_group",
                    "depends_on": [
                        "local.cidr_blocks",
                        "local.vpc_id"
                    ],
                    "primary": {
                        "id": "sg-0c2633c262141ba57",
                        "attributes": {
                            "arn": "arn:aws:ec2:us-east-1:831354200784:security-group/sg-0c2633c262141ba57",
                            "description": "Spark provisioned from Terraform",
                            "egress.#": "1",
                            "egress.482069346.cidr_blocks.#": "1",
                            "egress.482069346.cidr_blocks.0": "0.0.0.0/0",
                            "egress.482069346.description": "",
                            "egress.482069346.from_port": "0",
                            "egress.482069346.ipv6_cidr_blocks.#": "0",
                            "egress.482069346.prefix_list_ids.#": "0",
                            "egress.482069346.protocol": "-1",
                            "egress.482069346.security_groups.#": "0",
                            "egress.482069346.self": "false",
                            "egress.482069346.to_port": "0",
                            "id": "sg-0c2633c262141ba57",
                            "ingress.#": "1",
                            "ingress.1332985769.cidr_blocks.#": "1",
                            "ingress.1332985769.cidr_blocks.0": "0.0.0.0/0",
                            "ingress.1332985769.description": "ssh",
                            "ingress.1332985769.from_port": "22",
                            "ingress.1332985769.ipv6_cidr_blocks.#": "0",
                            "ingress.1332985769.prefix_list_ids.#": "0",
                            "ingress.1332985769.protocol": "tcp",
                            "ingress.1332985769.security_groups.#": "0",
                            "ingress.1332985769.self": "false",
                            "ingress.1332985769.to_port": "22",
                            "name": "sg_spark_terraform",
                            "owner_id": "831354200784",
                            "revoke_rules_on_delete": "false",
                            "tags.%": "0",
                            "vpc_id": "vpc-0c6081c12258e8881"
                        },
                        "meta": {
                            "e2bfb730-ecaa-11e6-8f88-34363bc7c4c0": {
                                "create": 600000000000,
                                "delete": 600000000000
                            },
                            "schema_version": "1"
                        },
                        "tainted": false
                    },
                    "deposed": [],
                    "provider": "provider.aws"
                },
                "data.consul_keys.app": {
                    "type": "consul_keys",
                    "depends_on": [],
                    "primary": {
                        "id": "-",
                        "attributes": {
                            "datacenter": "dc1",
                            "id": "-",
                            "key.#": "5",
                            "key.188907284.default": "",
                            "key.188907284.name": "path_to_generated_aws_properties",
                            "key.188907284.path": "test/master/aws/path_to_generated_aws_properties",
                            "key.2855768603.default": "",
                            "key.2855768603.name": "cidr_blocks",
                            "key.2855768603.path": "test/master/aws/route_table_cidr_block_all",
                            "key.3116740286.default": "",
                            "key.3116740286.name": "ami",
                            "key.3116740286.path": "test/master/aws/ami_id",
                            "key.3578346855.default": "",
                            "key.3578346855.name": "region",
                            "key.3578346855.path": "test/master/aws/region",
                            "key.4197980159.default": "",
                            "key.4197980159.name": "instance_type",
                            "key.4197980159.path": "test/master/spark/single/instance_type",
                            "var.%": "5",
                            "var.ami": "ami-9887c6e7",
                            "var.cidr_blocks": "0.0.0.0/0",
                            "var.instance_type": "",
                            "var.path_to_generated_aws_properties": "generated",
                            "var.region": "us-east-1"
                        },
                        "meta": {},
                        "tainted": false
                    },
                    "deposed": [],
                    "provider": "provider.consul"
                },
                "data.consul_keys.aws": {
                    "type": "consul_keys",
                    "depends_on": [
                        "local.path_to_generated_aws_properties"
                    ],
                    "primary": {
                        "id": "-",
                        "attributes": {
                            "datacenter": "dc1",
                            "id": "-",
                            "key.#": "4",
                            "key.1237871073.default": "",
                            "key.1237871073.name": "availability_zone",
                            "key.1237871073.path": "test/master/aws/generated/availability_zone",
                            "key.1293518713.default": "",
                            "key.1293518713.name": "subnet_id",
                            "key.1293518713.path": "test/master/aws/generated/subnet_id",
                            "key.1565885520.default": "",
                            "key.1565885520.name": "vpc_id",
                            "key.1565885520.path": "test/master/aws/generated/vpc_id",
                            "key.3076673976.default": "",
                            "key.3076673976.name": "security_group",
                            "key.3076673976.path": "test/master/aws/generated/default_security_group_id",
                            "var.%": "4",
                            "var.availability_zone": "",
                            "var.security_group": "sg-0d81068f0b85e85f0",
                            "var.subnet_id": "subnet-086571b26974a9152",
                            "var.vpc_id": "vpc-0c6081c12258e8881"
                        },
                        "meta": {},
                        "tainted": false
                    },
                    "deposed": [],
                    "provider": "provider.consul"
                },
                "data.consul_keys.system": {
                    "type": "consul_keys",
                    "depends_on": [],
                    "primary": {
                        "id": "-",
                        "attributes": {
                            "datacenter": "dc1",
                            "id": "-",
                            "key.#": "1",
                            "key.2874055721.default": "0.0.0.0/0",
                            "key.2874055721.name": "cidr_blocks",
                            "key.2874055721.path": "system/ip",
                            "var.%": "1",
                            "var.cidr_blocks": "0.0.0.0/0"
                        },
                        "meta": {},
                        "tainted": false
                    },
                    "deposed": [],
                    "provider": "provider.consul"
                }
            },
            "depends_on": []
        }
    ]
}
